{
  "name": "double-spending",
  "version": "1.0.0",
  "lockfileVersion": 1,
  "requires": true,
  "dependencies": {
    "async": {
      "version": "2.6.2",
      "resolved": "https://registry.npmjs.org/async/-/async-2.6.2.tgz",
      "integrity": "sha512-H1qVYh1MYhEEFLsP97cVKqCGo7KfCyTt6uEWqsTBr9SO84oK9Uwbyd/yCW+6rKJLHksBNUVWZDAjfS+Ccx0Bbg==",
      "dev": true,
      "requires": {
        "lodash": "^4.17.11"
      }
    },
    "bignumber.js": {
      "version": "4.1.0",
      "resolved": "https://registry.npmjs.org/bignumber.js/-/bignumber.js-4.1.0.tgz",
      "integrity": "sha512-eJzYkFYy9L4JzXsbymsFn3p54D+llV27oTQ+ziJG7WFRheJcNZilgVXMG0LoZtlQSKBsJdWtLFqOD0u+U0jZKA==",
      "dev": true
    },
    "crypto-js": {
      "version": "3.1.9-1",
      "resolved": "https://registry.npmjs.org/crypto-js/-/crypto-js-3.1.9-1.tgz",
      "integrity": "sha1-/aGedh/Ad+Af+/3G6f38WeiAbNg="
    },
    "curl.lib.js": {
      "version": "1.0.22",
      "resolved": "https://registry.npmjs.org/curl.lib.js/-/curl.lib.js-1.0.22.tgz",
      "integrity": "sha512-XnxgXfle04cBNcW2WHh2Zg93oXm9unWlO81HEzdOZcU70xcEXw2nWRg2t9rYyAMgpy/872aeJCvF4TEi1p97Ug==",
      "dev": true,
      "dependencies": {
        "iota.crypto.js": {
          "version": "github:iotaledger/iota.crypto.js#05c5b4485ad8232fd5b9145e02fe988a035a7704",
          "from": "github:iotaledger/iota.crypto.js#05c5b4485ad8232fd5b9145e02fe988a035a7704",
          "requires": {
            "crypto-js": "^3.1.9-1"
          }
        }
      }
    },
    "iota.lib.js": {
      "version": "0.5.1",
      "resolved": "https://registry.npmjs.org/iota.lib.js/-/iota.lib.js-0.5.1.tgz",
      "integrity": "sha512-4DHieyh24o8TJGSj/j1aINrLtYO2Pj9NZa3kqY1lKT0kZcIOkFMJoOsPiLPqVFpAC0RRONoBxni+d48gRyH5SQ==",
      "dev": true,
      "requires": {
        "async": "^2.5.0",
        "bignumber.js": "^4.1.0",
        "crypto-js": "^3.1.9-1",
        "xmlhttprequest": "^1.8.0"
      }
    },
    "lodash": {
      "version": "4.17.11",
      "resolved": "https://registry.npmjs.org/lodash/-/lodash-4.17.11.tgz",
      "integrity": "sha512-cQKh8igo5QUhZ7lg38DYWAxMvjSAKG0A8wGSVimP07SIUEK2UO+arSRKbRZWtelMtN5V0Hkwh5ryOto/SshYIg==",
      "dev": true
    },
    "xmlhttprequest": {
      "version": "1.8.0",
      "resolved": "https://registry.npmjs.org/xmlhttprequest/-/xmlhttprequest-1.8.0.tgz",
      "integrity": "sha1-Z/4HXFwk/vOfnWX197f+dRcZaPw=",
      "dev": true
    }
  }
}
